Microsoft Visual Studio Solution File, Format Version 12.00
# Visual Studio Version 17
VisualStudioVersion = 17.13.35919.96
MinimumVisualStudioVersion = 10.0.40219.1
Project("{FAE04EC0-301F-11D3-BF4B-00C04F79EFBC}") = "Latte-Cafe-API", "Latte-Cafe-API\Latte-Cafe-API.csproj", "{F66BFFC3-3040-42D2-BC92-B7D64D920C7D}"
EndProject
Project("{FAE04EC0-301F-11D3-BF4B-00C04F79EFBC}") = "DataAccess", "DataAccess\DataAccess.csproj", "{35069E4D-4098-4619-BB08-02DB4F2DE56A}"
EndProject
Project("{FAE04EC0-301F-11D3-BF4B-00C04F79EFBC}") = "Services", "Services\Services.csproj", "{CEA6E2F8-A159-427A-9326-D273D2BBBD79}"
EndProject
Global
	GlobalSection(SolutionConfigurationPlatforms) = preSolution
		Debug|Any CPU = Debug|Any CPU
		Release|Any CPU = Release|Any CPU
	EndGlobalSection
	GlobalSection(ProjectConfigurationPlatforms) = postSolution
		{F66BFFC3-3040-42D2-BC92-B7D64D920C7D}.Debug|Any CPU.ActiveCfg = Debug|Any CPU
		{F66BFFC3-3040-42D2-BC92-B7D64D920C7D}.Debug|Any CPU.Build.0 = Debug|Any CPU
		{F66BFFC3-3040-42D2-BC92-B7D64D920C7D}.Release|Any CPU.ActiveCfg = Release|Any CPU
		{F66BFFC3-3040-42D2-BC92-B7D64D920C7D}.Release|Any CPU.Build.0 = Release|Any CPU
		{35069E4D-4098-4619-BB08-02DB4F2DE56A}.Debug|Any CPU.ActiveCfg = Debug|Any CPU
		{35069E4D-4098-4619-BB08-02DB4F2DE56A}.Debug|Any CPU.Build.0 = Debug|Any CPU
		{35069E4D-4098-4619-BB08-02DB4F2DE56A}.Release|Any CPU.ActiveCfg = Release|Any CPU
		{35069E4D-4098-4619-BB08-02DB4F2DE56A}.Release|Any CPU.Build.0 = Release|Any CPU
		{CEA6E2F8-A159-427A-9326-D273D2BBBD79}.Debug|Any CPU.ActiveCfg = Debug|Any CPU
		{CEA6E2F8-A159-427A-9326-D273D2BBBD79}.Debug|Any CPU.Build.0 = Debug|Any CPU
		{CEA6E2F8-A159-427A-9326-D273D2BBBD79}.Release|Any CPU.ActiveCfg = Release|Any CPU
		{CEA6E2F8-A159-427A-9326-D273D2BBBD79}.Release|Any CPU.Build.0 = Release|Any CPU
	EndGlobalSection
	GlobalSection(SolutionProperties) = preSolution
		HideSolutionNode = FALSE
	EndGlobalSection
	GlobalSection(ExtensibilityGlobals) = postSolution
		SolutionGuid = {F3943169-EA0C-4525-8980-2D8B89EAEE30}
	EndGlobalSection
EndGlobal
